// !$*UTF8*$!
{
	archiveVersion = 1;
	classes = {
	};
	objectVersion = 50;
	objects = {

/* Begin PBXBuildFile section */
		A8D3BA0D26A872FD000C6E19 /* AppDelegate.swift in Sources */ = {isa = PBXBuildFile; fileRef = A8D3BA0C26A872FD000C6E19 /* AppDelegate.swift */; };
		A8D3BA0F26A872FD000C6E19 /* SceneDelegate.swift in Sources */ = {isa = PBXBuildFile; fileRef = A8D3BA0E26A872FD000C6E19 /* SceneDelegate.swift */; };
		A8D3BA1126A872FD000C6E19 /* ViewController.swift in Sources */ = {isa = PBXBuildFile; fileRef = A8D3BA1026A872FD000C6E19 /* ViewController.swift */; };
		A8D3BA1426A872FD000C6E19 /* Main.storyboard in Resources */ = {isa = PBXBuildFile; fileRef = A8D3BA1226A872FD000C6E19 /* Main.storyboard */; };
		A8D3BA1726A872FD000C6E19 /* PersonaFinalProject.xcdatamodeld in Sources */ = {isa = PBXBuildFile; fileRef = A8D3BA1526A872FD000C6E19 /* PersonaFinalProject.xcdatamodeld */; };
		A8D3BA1926A872FE000C6E19 /* Assets.xcassets in Resources */ = {isa = PBXBuildFile; fileRef = A8D3BA1826A872FE000C6E19 /* Assets.xcassets */; };
		A8D3BA1C26A872FE000C6E19 /* LaunchScreen.storyboard in Resources */ = {isa = PBXBuildFile; fileRef = A8D3BA1A26A872FE000C6E19 /* LaunchScreen.storyboard */; };
		A8D3BA2726A872FE000C6E19 /* PersonaFinalProjectTests.swift in Sources */ = {isa = PBXBuildFile; fileRef = A8D3BA2626A872FE000C6E19 /* PersonaFinalProjectTests.swift */; };
		A8D3BA3226A872FE000C6E19 /* PersonaFinalProjectUITests.swift in Sources */ = {isa = PBXBuildFile; fileRef = A8D3BA3126A872FE000C6E19 /* PersonaFinalProjectUITests.swift */; };
		A8D3BA4026A87C86000C6E19 /* BrowseViewController.swift in Sources */ = {isa = PBXBuildFile; fileRef = A8D3BA3F26A87C86000C6E19 /* BrowseViewController.swift */; };
		A8D3BA4226A87D29000C6E19 /* ProfileViewController.swift in Sources */ = {isa = PBXBuildFile; fileRef = A8D3BA4126A87D29000C6E19 /* ProfileViewController.swift */; };
		A8D3BA4426A87F7D000C6E19 /* Sell&BuyViewController.swift in Sources */ = {isa = PBXBuildFile; fileRef = A8D3BA4326A87F7D000C6E19 /* Sell&BuyViewController.swift */; };
		A8D3BA4626A88295000C6E19 /* CollaborateViewController.swift in Sources */ = {isa = PBXBuildFile; fileRef = A8D3BA4526A88295000C6E19 /* CollaborateViewController.swift */; };
		A8D3BA4826A88871000C6E19 /* SignInViewController.swift in Sources */ = {isa = PBXBuildFile; fileRef = A8D3BA4726A88871000C6E19 /* SignInViewController.swift */; };
		A8D3BA4A26A889FF000C6E19 /* SignUpViewController.swift in Sources */ = {isa = PBXBuildFile; fileRef = A8D3BA4926A889FF000C6E19 /* SignUpViewController.swift */; };
		A8D3BA8B26A895EB000C6E19 /* GradientViewController.swift in Sources */ = {isa = PBXBuildFile; fileRef = A8D3BA8A26A895EB000C6E19 /* GradientViewController.swift */; };
		A8D3BA8D26A8C675000C6E19 /* PopUpViewController.swift in Sources */ = {isa = PBXBuildFile; fileRef = A8D3BA8C26A8C675000C6E19 /* PopUpViewController.swift */; };
		A8D3BA8F26A8C912000C6E19 /* PopUp2ViewController.swift in Sources */ = {isa = PBXBuildFile; fileRef = A8D3BA8E26A8C912000C6E19 /* PopUp2ViewController.swift */; };
/* End PBXBuildFile section */

/* Begin PBXContainerItemProxy section */
		A8D3BA2326A872FE000C6E19 /* PBXContainerItemProxy */ = {
			isa = PBXContainerItemProxy;
			containerPortal = A8D3BA0126A872FD000C6E19 /* Project object */;
			proxyType = 1;
			remoteGlobalIDString = A8D3BA0826A872FD000C6E19;
			remoteInfo = PersonaFinalProject;
		};
		A8D3BA2E26A872FE000C6E19 /* PBXContainerItemProxy */ = {
			isa = PBXContainerItemProxy;
			containerPortal = A8D3BA0126A872FD000C6E19 /* Project object */;
			proxyType = 1;
			remoteGlobalIDString = A8D3BA0826A872FD000C6E19;
			remoteInfo = PersonaFinalProject;
		};
/* End PBXContainerItemProxy section */

/* Begin PBXFileReference section */
		A8D3BA0926A872FD000C6E19 /* PersonaFinalProject.app */ = {isa = PBXFileReference; explicitFileType = wrapper.application; includeInIndex = 0; path = PersonaFinalProject.app; sourceTree = BUILT_PRODUCTS_DIR; };
		A8D3BA0C26A872FD000C6E19 /* AppDelegate.swift */ = {isa = PBXFileReference; lastKnownFileType = sourcecode.swift; path = AppDelegate.swift; sourceTree = "<group>"; };
		A8D3BA0E26A872FD000C6E19 /* SceneDelegate.swift */ = {isa = PBXFileReference; lastKnownFileType = sourcecode.swift; path = SceneDelegate.swift; sourceTree = "<group>"; };
		A8D3BA1026A872FD000C6E19 /* ViewController.swift */ = {isa = PBXFileReference; lastKnownFileType = sourcecode.swift; path = ViewController.swift; sourceTree = "<group>"; };
		A8D3BA1326A872FD000C6E19 /* Base */ = {isa = PBXFileReference; lastKnownFileType = file.storyboard; name = Base; path = Base.lproj/Main.storyboard; sourceTree = "<group>"; };
		A8D3BA1626A872FD000C6E19 /* PersonaFinalProject.xcdatamodel */ = {isa = PBXFileReference; lastKnownFileType = wrapper.xcdatamodel; path = PersonaFinalProject.xcdatamodel; sourceTree = "<group>"; };
		A8D3BA1826A872FE000C6E19 /* Assets.xcassets */ = {isa = PBXFileReference; lastKnownFileType = folder.assetcatalog; path = Assets.xcassets; sourceTree = "<group>"; };
		A8D3BA1B26A872FE000C6E19 /* Base */ = {isa = PBXFileReference; lastKnownFileType = file.storyboard; name = Base; path = Base.lproj/LaunchScreen.storyboard; sourceTree = "<group>"; };
		A8D3BA1D26A872FE000C6E19 /* Info.plist */ = {isa = PBXFileReference; lastKnownFileType = text.plist.xml; path = Info.plist; sourceTree = "<group>"; };
		A8D3BA2226A872FE000C6E19 /* PersonaFinalProjectTests.xctest */ = {isa = PBXFileReference; explicitFileType = wrapper.cfbundle; includeInIndex = 0; path = PersonaFinalProjectTests.xctest; sourceTree = BUILT_PRODUCTS_DIR; };
		A8D3BA2626A872FE000C6E19 /* PersonaFinalProjectTests.swift */ = {isa = PBXFileReference; lastKnownFileType = sourcecode.swift; path = PersonaFinalProjectTests.swift; sourceTree = "<group>"; };
		A8D3BA2826A872FE000C6E19 /* Info.plist */ = {isa = PBXFileReference; lastKnownFileType = text.plist.xml; path = Info.plist; sourceTree = "<group>"; };
		A8D3BA2D26A872FE000C6E19 /* PersonaFinalProjectUITests.xctest */ = {isa = PBXFileReference; explicitFileType = wrapper.cfbundle; includeInIndex = 0; path = PersonaFinalProjectUITests.xctest; sourceTree = BUILT_PRODUCTS_DIR; };
		A8D3BA3126A872FE000C6E19 /* PersonaFinalProjectUITests.swift */ = {isa = PBXFileReference; lastKnownFileType = sourcecode.swift; path = PersonaFinalProjectUITests.swift; sourceTree = "<group>"; };
		A8D3BA3326A872FE000C6E19 /* Info.plist */ = {isa = PBXFileReference; lastKnownFileType = text.plist.xml; path = Info.plist; sourceTree = "<group>"; };
		A8D3BA3F26A87C86000C6E19 /* BrowseViewController.swift */ = {isa = PBXFileReference; lastKnownFileType = sourcecode.swift; path = BrowseViewController.swift; sourceTree = "<group>"; };
		A8D3BA4126A87D29000C6E19 /* ProfileViewController.swift */ = {isa = PBXFileReference; lastKnownFileType = sourcecode.swift; path = ProfileViewController.swift; sourceTree = "<group>"; };
		A8D3BA4326A87F7D000C6E19 /* Sell&BuyViewController.swift */ = {isa = PBXFileReference; lastKnownFileType = sourcecode.swift; path = "Sell&BuyViewController.swift"; sourceTree = "<group>"; };
		A8D3BA4526A88295000C6E19 /* CollaborateViewController.swift */ = {isa = PBXFileReference; lastKnownFileType = sourcecode.swift; path = CollaborateViewController.swift; sourceTree = "<group>"; };
		A8D3BA4726A88871000C6E19 /* SignInViewController.swift */ = {isa = PBXFileReference; lastKnownFileType = sourcecode.swift; path = SignInViewController.swift; sourceTree = "<group>"; };
		A8D3BA4926A889FF000C6E19 /* SignUpViewController.swift */ = {isa = PBXFileReference; lastKnownFileType = sourcecode.swift; path = SignUpViewController.swift; sourceTree = "<group>"; };
		A8D3BA8A26A895EB000C6E19 /* GradientViewController.swift */ = {isa = PBXFileReference; lastKnownFileType = sourcecode.swift; path = GradientViewController.swift; sourceTree = "<group>"; };
		A8D3BA8C26A8C675000C6E19 /* PopUpViewController.swift */ = {isa = PBXFileReference; lastKnownFileType = sourcecode.swift; path = PopUpViewController.swift; sourceTree = "<group>"; };
		A8D3BA8E26A8C912000C6E19 /* PopUp2ViewController.swift */ = {isa = PBXFileReference; lastKnownFileType = sourcecode.swift; path = PopUp2ViewController.swift; sourceTree = "<group>"; };
/* End PBXFileReference section */

/* Begin PBXFrameworksBuildPhase section */
		A8D3BA0626A872FD000C6E19 /* Frameworks */ = {
			isa = PBXFrameworksBuildPhase;
			buildActionMask = 2147483647;
			files = (
			);
			runOnlyForDeploymentPostprocessing = 0;
		};
		A8D3BA1F26A872FE000C6E19 /* Frameworks */ = {
			isa = PBXFrameworksBuildPhase;
			buildActionMask = 2147483647;
			files = (
			);
			runOnlyForDeploymentPostprocessing = 0;
		};
		A8D3BA2A26A872FE000C6E19 /* Frameworks */ = {
			isa = PBXFrameworksBuildPhase;
			buildActionMask = 2147483647;
			files = (
			);
			runOnlyForDeploymentPostprocessing = 0;
		};
/* End PBXFrameworksBuildPhase section */

/* Begin PBXGroup section */
		A8D3BA0026A872FD000C6E19 = {
			isa = PBXGroup;
			children = (
				A8D3BA0B26A872FD000C6E19 /* PersonaFinalProject */,
				A8D3BA2526A872FE000C6E19 /* PersonaFinalProjectTests */,
				A8D3BA3026A872FE000C6E19 /* PersonaFinalProjectUITests */,
				A8D3BA0A26A872FD000C6E19 /* Products */,
			);
			sourceTree = "<group>";
		};
		A8D3BA0A26A872FD000C6E19 /* Products */ = {
			isa = PBXGroup;
			children = (
				A8D3BA0926A872FD000C6E19 /* PersonaFinalProject.app */,
				A8D3BA2226A872FE000C6E19 /* PersonaFinalProjectTests.xctest */,
				A8D3BA2D26A872FE000C6E19 /* PersonaFinalProjectUITests.xctest */,
			);
			name = Products;
			sourceTree = "<group>";
		};
		A8D3BA0B26A872FD000C6E19 /* PersonaFinalProject */ = {
			isa = PBXGroup;
			children = (
				A8D3BA0C26A872FD000C6E19 /* AppDelegate.swift */,
				A8D3BA0E26A872FD000C6E19 /* SceneDelegate.swift */,
				A8D3BA1026A872FD000C6E19 /* ViewController.swift */,
				A8D3BA1226A872FD000C6E19 /* Main.storyboard */,
				A8D3BA1826A872FE000C6E19 /* Assets.xcassets */,
				A8D3BA1A26A872FE000C6E19 /* LaunchScreen.storyboard */,
				A8D3BA1D26A872FE000C6E19 /* Info.plist */,
				A8D3BA1526A872FD000C6E19 /* PersonaFinalProject.xcdatamodeld */,
				A8D3BA3F26A87C86000C6E19 /* BrowseViewController.swift */,
				A8D3BA4126A87D29000C6E19 /* ProfileViewController.swift */,
				A8D3BA4326A87F7D000C6E19 /* Sell&BuyViewController.swift */,
				A8D3BA4526A88295000C6E19 /* CollaborateViewController.swift */,
				A8D3BA4726A88871000C6E19 /* SignInViewController.swift */,
				A8D3BA4926A889FF000C6E19 /* SignUpViewController.swift */,
				A8D3BA8A26A895EB000C6E19 /* GradientViewController.swift */,
				A8D3BA8C26A8C675000C6E19 /* PopUpViewController.swift */,
				A8D3BA8E26A8C912000C6E19 /* PopUp2ViewController.swift */,
			);
			path = PersonaFinalProject;
			sourceTree = "<group>";
		};
		A8D3BA2526A872FE000C6E19 /* PersonaFinalProjectTests */ = {
			isa = PBXGroup;
			children = (
				A8D3BA2626A872FE000C6E19 /* PersonaFinalProjectTests.swift */,
				A8D3BA2826A872FE000C6E19 /* Info.plist */,
			);
			path = PersonaFinalProjectTests;
			sourceTree = "<group>";
		};
		A8D3BA3026A872FE000C6E19 /* PersonaFinalProjectUITests */ = {
			isa = PBXGroup;
			children = (
				A8D3BA3126A872FE000C6E19 /* PersonaFinalProjectUITests.swift */,
				A8D3BA3326A872FE000C6E19 /* Info.plist */,
			);
			path = PersonaFinalProjectUITests;
			sourceTree = "<group>";
		};
/* End PBXGroup section */

/* Begin PBXNativeTarget section */
		A8D3BA0826A872FD000C6E19 /* PersonaFinalProject */ = {
			isa = PBXNativeTarget;
			buildConfigurationList = A8D3BA3626A872FE000C6E19 /* Build configuration list for PBXNativeTarget "PersonaFinalProject" */;
			buildPhases = (
				A8D3BA0526A872FD000C6E19 /* Sources */,
				A8D3BA0626A872FD000C6E19 /* Frameworks */,
				A8D3BA0726A872FD000C6E19 /* Resources */,
			);
			buildRules = (
			);
			dependencies = (
			);
			name = PersonaFinalProject;
			productName = PersonaFinalProject;
			productReference = A8D3BA0926A872FD000C6E19 /* PersonaFinalProject.app */;
			productType = "com.apple.product-type.application";
		};
		A8D3BA2126A872FE000C6E19 /* PersonaFinalProjectTests */ = {
			isa = PBXNativeTarget;
			buildConfigurationList = A8D3BA3926A872FE000C6E19 /* Build configuration list for PBXNativeTarget "PersonaFinalProjectTests" */;
			buildPhases = (
				A8D3BA1E26A872FE000C6E19 /* Sources */,
				A8D3BA1F26A872FE000C6E19 /* Frameworks */,
				A8D3BA2026A872FE000C6E19 /* Resources */,
			);
			buildRules = (
			);
			dependencies = (
				A8D3BA2426A872FE000C6E19 /* PBXTargetDependency */,
			);
			name = PersonaFinalProjectTests;
			productName = PersonaFinalProjectTests;
			productReference = A8D3BA2226A872FE000C6E19 /* PersonaFinalProjectTests.xctest */;
			productType = "com.apple.product-type.bundle.unit-test";
		};
		A8D3BA2C26A872FE000C6E19 /* PersonaFinalProjectUITests */ = {
			isa = PBXNativeTarget;
			buildConfigurationList = A8D3BA3C26A872FE000C6E19 /* Build configuration list for PBXNativeTarget "PersonaFinalProjectUITests" */;
			buildPhases = (
				A8D3BA2926A872FE000C6E19 /* Sources */,
				A8D3BA2A26A872FE000C6E19 /* Frameworks */,
				A8D3BA2B26A872FE000C6E19 /* Resources */,
			);
			buildRules = (
			);
			dependencies = (
				A8D3BA2F26A872FE000C6E19 /* PBXTargetDependency */,
			);
			name = PersonaFinalProjectUITests;
			productName = PersonaFinalProjectUITests;
			productReference = A8D3BA2D26A872FE000C6E19 /* PersonaFinalProjectUITests.xctest */;
			productType = "com.apple.product-type.bundle.ui-testing";
		};
/* End PBXNativeTarget section */

/* Begin PBXProject section */
		A8D3BA0126A872FD000C6E19 /* Project object */ = {
			isa = PBXProject;
			attributes = {
				LastSwiftUpdateCheck = 1250;
				LastUpgradeCheck = 1250;
				TargetAttributes = {
					A8D3BA0826A872FD000C6E19 = {
						CreatedOnToolsVersion = 12.5;
					};
					A8D3BA2126A872FE000C6E19 = {
						CreatedOnToolsVersion = 12.5;
						TestTargetID = A8D3BA0826A872FD000C6E19;
					};
					A8D3BA2C26A872FE000C6E19 = {
						CreatedOnToolsVersion = 12.5;
						TestTargetID = A8D3BA0826A872FD000C6E19;
					};
				};
			};
			buildConfigurationList = A8D3BA0426A872FD000C6E19 /* Build configuration list for PBXProject "PersonaFinalProject" */;
			compatibilityVersion = "Xcode 9.3";
			developmentRegion = en;
			hasScannedForEncodings = 0;
			knownRegions = (
				en,
				Base,
			);
			mainGroup = A8D3BA0026A872FD000C6E19;
			productRefGroup = A8D3BA0A26A872FD000C6E19 /* Products */;
			projectDirPath = "";
			projectRoot = "";
			targets = (
				A8D3BA0826A872FD000C6E19 /* PersonaFinalProject */,
				A8D3BA2126A872FE000C6E19 /* PersonaFinalProjectTests */,
				A8D3BA2C26A872FE000C6E19 /* PersonaFinalProjectUITests */,
			);
		};
/* End PBXProject section */

/* Begin PBXResourcesBuildPhase section */
		A8D3BA0726A872FD000C6E19 /* Resources */ = {
			isa = PBXResourcesBuildPhase;
			buildActionMask = 2147483647;
			files = (
				A8D3BA1C26A872FE000C6E19 /* LaunchScreen.storyboard in Resources */,
				A8D3BA1926A872FE000C6E19 /* Assets.xcassets in Resources */,
				A8D3BA1426A872FD000C6E19 /* Main.storyboard in Resources */,
			);
			runOnlyForDeploymentPostprocessing = 0;
		};
		A8D3BA2026A872FE000C6E19 /* Resources */ = {
			isa = PBXResourcesBuildPhase;
			buildActionMask = 2147483647;
			files = (
			);
			runOnlyForDeploymentPostprocessing = 0;
		};
		A8D3BA2B26A872FE000C6E19 /* Resources */ = {
			isa = PBXResourcesBuildPhase;
			buildActionMask = 2147483647;
			files = (
			);
			runOnlyForDeploymentPostprocessing = 0;
		};
/* End PBXResourcesBuildPhase section */

/* Begin PBXSourcesBuildPhase section */
		A8D3BA0526A872FD000C6E19 /* Sources */ = {
			isa = PBXSourcesBuildPhase;
			buildActionMask = 2147483647;
			files = (
				A8D3BA4226A87D29000C6E19 /* ProfileViewController.swift in Sources */,
				A8D3BA8B26A895EB000C6E19 /* GradientViewController.swift in Sources */,
				A8D3BA4626A88295000C6E19 /* CollaborateViewController.swift in Sources */,
				A8D3BA1126A872FD000C6E19 /* ViewController.swift in Sources */,
				A8D3BA0D26A872FD000C6E19 /* AppDelegate.swift in Sources */,
				A8D3BA4A26A889FF000C6E19 /* SignUpViewController.swift in Sources */,
				A8D3BA1726A872FD000C6E19 /* PersonaFinalProject.xcdatamodeld in Sources */,
				A8D3BA8D26A8C675000C6E19 /* PopUpViewController.swift in Sources */,
				A8D3BA4826A88871000C6E19 /* SignInViewController.swift in Sources */,
				A8D3BA8F26A8C912000C6E19 /* PopUp2ViewController.swift in Sources */,
				A8D3BA0F26A872FD000C6E19 /* SceneDelegate.swift in Sources */,
				A8D3BA4426A87F7D000C6E19 /* Sell&BuyViewController.swift in Sources */,
				A8D3BA4026A87C86000C6E19 /* BrowseViewController.swift in Sources */,
			);
			runOnlyForDeploymentPostprocessing = 0;
		};
		A8D3BA1E26A872FE000C6E19 /* Sources */ = {
			isa = PBXSourcesBuildPhase;
			buildActionMask = 2147483647;
			files = (
				A8D3BA2726A872FE000C6E19 /* PersonaFinalProjectTests.swift in Sources */,
			);
			runOnlyForDeploymentPostprocessing = 0;
		};
		A8D3BA2926A872FE000C6E19 /* Sources */ = {
			isa = PBXSourcesBuildPhase;
			buildActionMask = 2147483647;
			files = (
				A8D3BA3226A872FE000C6E19 /* PersonaFinalProjectUITests.swift in Sources */,
			);
			runOnlyForDeploymentPostprocessing = 0;
		};
/* End PBXSourcesBuildPhase section */

/* Begin PBXTargetDependency section */
		A8D3BA2426A872FE000C6E19 /* PBXTargetDependency */ = {
			isa = PBXTargetDependency;
			target = A8D3BA0826A872FD000C6E19 /* PersonaFinalProject */;
			targetProxy = A8D3BA2326A872FE000C6E19 /* PBXContainerItemProxy */;
		};
		A8D3BA2F26A872FE000C6E19 /* PBXTargetDependency */ = {
			isa = PBXTargetDependency;
			target = A8D3BA0826A872FD000C6E19 /* PersonaFinalProject */;
			targetProxy = A8D3BA2E26A872FE000C6E19 /* PBXContainerItemProxy */;
		};
/* End PBXTargetDependency section */

/* Begin PBXVariantGroup section */
		A8D3BA1226A872FD000C6E19 /* Main.storyboard */ = {
			isa = PBXVariantGroup;
			children = (
				A8D3BA1326A872FD000C6E19 /* Base */,
			);
			name = Main.storyboard;
			sourceTree = "<group>";
		};
		A8D3BA1A26A872FE000C6E19 /* LaunchScreen.storyboard */ = {
			isa = PBXVariantGroup;
			children = (
				A8D3BA1B26A872FE000C6E19 /* Base */,
			);
			name = LaunchScreen.storyboard;
			sourceTree = "<group>";
		};
/* End PBXVariantGroup section */

/* Begin XCBuildConfiguration section */
		A8D3BA3426A872FE000C6E19 /* Debug */ = {
			isa = XCBuildConfiguration;
			buildSettings = {
				ALWAYS_SEARCH_USER_PATHS = NO;
				CLANG_ANALYZER_NONNULL = YES;
				CLANG_ANALYZER_NUMBER_OBJECT_CONVERSION = YES_AGGRESSIVE;
				CLANG_CXX_LANGUAGE_STANDARD = "gnu++14";
				CLANG_CXX_LIBRARY = "libc++";
				CLANG_ENABLE_MODULES = YES;
				CLANG_ENABLE_OBJC_ARC = YES;
				CLANG_ENABLE_OBJC_WEAK = YES;
				CLANG_WARN_BLOCK_CAPTURE_AUTORELEASING = YES;
				CLANG_WARN_BOOL_CONVERSION = YES;
				CLANG_WARN_COMMA = YES;
				CLANG_WARN_CONSTANT_CONVERSION = YES;
				CLANG_WARN_DEPRECATED_OBJC_IMPLEMENTATIONS = YES;
				CLANG_WARN_DIRECT_OBJC_ISA_USAGE = YES_ERROR;
				CLANG_WARN_DOCUMENTATION_COMMENTS = YES;
				CLANG_WARN_EMPTY_BODY = YES;
				CLANG_WARN_ENUM_CONVERSION = YES;
				CLANG_WARN_INFINITE_RECURSION = YES;
				CLANG_WARN_INT_CONVERSION = YES;
				CLANG_WARN_NON_LITERAL_NULL_CONVERSION = YES;
				CLANG_WARN_OBJC_IMPLICIT_RETAIN_SELF = YES;
				CLANG_WARN_OBJC_LITERAL_CONVERSION = YES;
				CLANG_WARN_OBJC_ROOT_CLASS = YES_ERROR;
				CLANG_WARN_QUOTED_INCLUDE_IN_FRAMEWORK_HEADER = YES;
				CLANG_WARN_RANGE_LOOP_ANALYSIS = YES;
				CLANG_WARN_STRICT_PROTOTYPES = YES;
				CLANG_WARN_SUSPICIOUS_MOVE = YES;
				CLANG_WARN_UNGUARDED_AVAILABILITY = YES_AGGRESSIVE;
				CLANG_WARN_UNREACHABLE_CODE = YES;
				CLANG_WARN__DUPLICATE_METHOD_MATCH = YES;
				COPY_PHASE_STRIP = NO;
				DEBUG_INFORMATION_FORMAT = dwarf;
				ENABLE_STRICT_OBJC_MSGSEND = YES;
				ENABLE_TESTABILITY = YES;
				GCC_C_LANGUAGE_STANDARD = gnu11;
				GCC_DYNAMIC_NO_PIC = NO;
				GCC_NO_COMMON_BLOCKS = YES;
				GCC_OPTIMIZATION_LEVEL = 0;
				GCC_PREPROCESSOR_DEFINITIONS = (
					"DEBUG=1",
					"$(inherited)",
				);
				GCC_WARN_64_TO_32_BIT_CONVERSION = YES;
				GCC_WARN_ABOUT_RETURN_TYPE = YES_ERROR;
				GCC_WARN_UNDECLARED_SELECTOR = YES;
				GCC_WARN_UNINITIALIZED_AUTOS = YES_AGGRESSIVE;
				GCC_WARN_UNUSED_FUNCTION = YES;
				GCC_WARN_UNUSED_VARIABLE = YES;
				IPHONEOS_DEPLOYMENT_TARGET = 14.5;
				MTL_ENABLE_DEBUG_INFO = INCLUDE_SOURCE;
				MTL_FAST_MATH = YES;
				ONLY_ACTIVE_ARCH = YES;
				SDKROOT = iphoneos;
				SWIFT_ACTIVE_COMPILATION_CONDITIONS = DEBUG;
				SWIFT_OPTIMIZATION_LEVEL = "-Onone";
			};
			name = Debug;
		};
		A8D3BA3526A872FE000C6E19 /* Release */ = {
			isa = XCBuildConfiguration;
			buildSettings = {
				ALWAYS_SEARCH_USER_PATHS = NO;
				CLANG_ANALYZER_NONNULL = YES;
				CLANG_ANALYZER_NUMBER_OBJECT_CONVERSION = YES_AGGRESSIVE;
				CLANG_CXX_LANGUAGE_STANDARD = "gnu++14";
				CLANG_CXX_LIBRARY = "libc++";
				CLANG_ENABLE_MODULES = YES;
				CLANG_ENABLE_OBJC_ARC = YES;
				CLANG_ENABLE_OBJC_WEAK = YES;
				CLANG_WARN_BLOCK_CAPTURE_AUTORELEASING = YES;
				CLANG_WARN_BOOL_CONVERSION = YES;
				CLANG_WARN_COMMA = YES;
				CLANG_WARN_CONSTANT_CONVERSION = YES;
				CLANG_WARN_DEPRECATED_OBJC_IMPLEMENTATIONS = YES;
				CLANG_WARN_DIRECT_OBJC_ISA_USAGE = YES_ERROR;
				CLANG_WARN_DOCUMENTATION_COMMENTS = YES;
				CLANG_WARN_EMPTY_BODY = YES;
				CLANG_WARN_ENUM_CONVERSION = YES;
				CLANG_WARN_INFINITE_RECURSION = YES;
				CLANG_WARN_INT_CONVERSION = YES;
				CLANG_WARN_NON_LITERAL_NULL_CONVERSION = YES;
				CLANG_WARN_OBJC_IMPLICIT_RETAIN_SELF = YES;
				CLANG_WARN_OBJC_LITERAL_CONVERSION = YES;
				CLANG_WARN_OBJC_ROOT_CLASS = YES_ERROR;
				CLANG_WARN_QUOTED_INCLUDE_IN_FRAMEWORK_HEADER = YES;
				CLANG_WARN_RANGE_LOOP_ANALYSIS = YES;
				CLANG_WARN_STRICT_PROTOTYPES = YES;
				CLANG_WARN_SUSPICIOUS_MOVE = YES;
				CLANG_WARN_UNGUARDED_AVAILABILITY = YES_AGGRESSIVE;
				CLANG_WARN_UNREACHABLE_CODE = YES;
				CLANG_WARN__DUPLICATE_METHOD_MATCH = YES;
				COPY_PHASE_STRIP = NO;
				DEBUG_INFORMATION_FORMAT = "dwarf-with-dsym";
				ENABLE_NS_ASSERTIONS = NO;
				ENABLE_STRICT_OBJC_MSGSEND = YES;
				GCC_C_LANGUAGE_STANDARD = gnu11;
				GCC_NO_COMMON_BLOCKS = YES;
				GCC_WARN_64_TO_32_BIT_CONVERSION = YES;
				GCC_WARN_ABOUT_RETURN_TYPE = YES_ERROR;
				GCC_WARN_UNDECLARED_SELECTOR = YES;
				GCC_WARN_UNINITIALIZED_AUTOS = YES_AGGRESSIVE;
				GCC_WARN_UNUSED_FUNCTION = YES;
				GCC_WARN_UNUSED_VARIABLE = YES;
				IPHONEOS_DEPLOYMENT_TARGET = 14.5;
				MTL_ENABLE_DEBUG_INFO = NO;
				MTL_FAST_MATH = YES;
				SDKROOT = iphoneos;
				SWIFT_COMPILATION_MODE = wholemodule;
				SWIFT_OPTIMIZATION_LEVEL = "-O";
				VALIDATE_PRODUCT = YES;
			};
			name = Release;
		};
		A8D3BA3726A872FE000C6E19 /* Debug */ = {
			isa = XCBuildConfiguration;
			buildSettings = {
				ASSETCATALOG_COMPILER_APPICON_NAME = AppIcon;
				ASSETCATALOG_COMPILER_GLOBAL_ACCENT_COLOR_NAME = AccentColor;
				CODE_SIGN_STYLE = Automatic;
				DEVELOPMENT_TEAM = 2JGA22ZD5P;
				INFOPLIST_FILE = PersonaFinalProject/Info.plist;
				LD_RUNPATH_SEARCH_PATHS = (
					"$(inherited)",
					"@executable_path/Frameworks",
				);
				PRODUCT_BUNDLE_IDENTIFIER = KWK.PersonaFinalProject;
				PRODUCT_NAME = "$(TARGET_NAME)";
				SWIFT_VERSION = 5.0;
				TARGETED_DEVICE_FAMILY = "1,2";
			};
			name = Debug;
		};
		A8D3BA3826A872FE000C6E19 /* Release */ = {
			isa = XCBuildConfiguration;
			buildSettings = {
				ASSETCATALOG_COMPILER_APPICON_NAME = AppIcon;
				ASSETCATALOG_COMPILER_GLOBAL_ACCENT_COLOR_NAME = AccentColor;
				CODE_SIGN_STYLE = Automatic;
				DEVELOPMENT_TEAM = 2JGA22ZD5P;
				INFOPLIST_FILE = PersonaFinalProject/Info.plist;
				LD_RUNPATH_SEARCH_PATHS = (
					"$(inherited)",
					"@executable_path/Frameworks",
				);
				PRODUCT_BUNDLE_IDENTIFIER = KWK.PersonaFinalProject;
				PRODUCT_NAME = "$(TARGET_NAME)";
				SWIFT_VERSION = 5.0;
				TARGETED_DEVICE_FAMILY = "1,2";
			};
			name = Release;
		};
		A8D3BA3A26A872FE000C6E19 /* Debug */ = {
			isa = XCBuildConfiguration;
			buildSettings = {
				ALWAYS_EMBED_SWIFT_STANDARD_LIBRARIES = YES;
				BUNDLE_LOADER = "$(TEST_HOST)";
				CODE_SIGN_STYLE = Automatic;
				INFOPLIST_FILE = PersonaFinalProjectTests/Info.plist;
				IPHONEOS_DEPLOYMENT_TARGET = 14.5;
				LD_RUNPATH_SEARCH_PATHS = (
					"$(inherited)",
					"@executable_path/Frameworks",
					"@loader_path/Frameworks",
				);
				PRODUCT_BUNDLE_IDENTIFIER = KWK.PersonaFinalProjectTests;
				PRODUCT_NAME = "$(TARGET_NAME)";
				SWIFT_VERSION = 5.0;
				TARGETED_DEVICE_FAMILY = "1,2";
				TEST_HOST = "$(BUILT_PRODUCTS_DIR)/PersonaFinalProject.app/PersonaFinalProject";
			};
			name = Debug;
		};
		A8D3BA3B26A872FE000C6E19 /* Release */ = {
			isa = XCBuildConfiguration;
			buildSettings = {
				ALWAYS_EMBED_SWIFT_STANDARD_LIBRARIES = YES;
				BUNDLE_LOADER = "$(TEST_HOST)";
				CODE_SIGN_STYLE = Automatic;
				INFOPLIST_FILE = PersonaFinalProjectTests/Info.plist;
				IPHONEOS_DEPLOYMENT_TARGET = 14.5;
				LD_RUNPATH_SEARCH_PATHS = (
					"$(inherited)",
					"@executable_path/Frameworks",
					"@loader_path/Frameworks",
				);
				PRODUCT_BUNDLE_IDENTIFIER = KWK.PersonaFinalProjectTests;
				PRODUCT_NAME = "$(TARGET_NAME)";
				SWIFT_VERSION = 5.0;
				TARGETED_DEVICE_FAMILY = "1,2";
				TEST_HOST = "$(BUILT_PRODUCTS_DIR)/PersonaFinalProject.app/PersonaFinalProject";
			};
			name = Release;
		};
		A8D3BA3D26A872FE000C6E19 /* Debug */ = {
			isa = XCBuildConfiguration;
			buildSettings = {
				ALWAYS_EMBED_SWIFT_STANDARD_LIBRARIES = YES;
				CODE_SIGN_STYLE = Automatic;
				INFOPLIST_FILE = PersonaFinalProjectUITests/Info.plist;
				LD_RUNPATH_SEARCH_PATHS = (
					"$(inherited)",
					"@executable_path/Frameworks",
					"@loader_path/Frameworks",
				);
				PRODUCT_BUNDLE_IDENTIFIER = KWK.PersonaFinalProjectUITests;
				PRODUCT_NAME = "$(TARGET_NAME)";
				SWIFT_VERSION = 5.0;
				TARGETED_DEVICE_FAMILY = "1,2";
				TEST_TARGET_NAME = PersonaFinalProject;
			};
			name = Debug;
		};
		A8D3BA3E26A872FE000C6E19 /* Release */ = {
			isa = XCBuildConfiguration;
			buildSettings = {
				ALWAYS_EMBED_SWIFT_STANDARD_LIBRARIES = YES;
				CODE_SIGN_STYLE = Automatic;
				INFOPLIST_FILE = PersonaFinalProjectUITests/Info.plist;
				LD_RUNPATH_SEARCH_PATHS = (
					"$(inherited)",
					"@executable_path/Frameworks",
					"@loader_path/Frameworks",
				);
				PRODUCT_BUNDLE_IDENTIFIER = KWK.PersonaFinalProjectUITests;
				PRODUCT_NAME = "$(TARGET_NAME)";
				SWIFT_VERSION = 5.0;
				TARGETED_DEVICE_FAMILY = "1,2";
				TEST_TARGET_NAME = PersonaFinalProject;
			};
			name = Release;
		};
/* End XCBuildConfiguration section */

/* Begin XCConfigurationList section */
		A8D3BA0426A872FD000C6E19 /* Build configuration list for PBXProject "PersonaFinalProject" */ = {
			isa = XCConfigurationList;
			buildConfigurations = (
				A8D3BA3426A872FE000C6E19 /* Debug */,
				A8D3BA3526A872FE000C6E19 /* Release */,
			);
			defaultConfigurationIsVisible = 0;
			defaultConfigurationName = Release;
		};
		A8D3BA3626A872FE000C6E19 /* Build configuration list for PBXNativeTarget "PersonaFinalProject" */ = {
			isa = XCConfigurationList;
			buildConfigurations = (
				A8D3BA3726A872FE000C6E19 /* Debug */,
				A8D3BA3826A872FE000C6E19 /* Release */,
			);
			defaultConfigurationIsVisible = 0;
			defaultConfigurationName = Release;
		};
		A8D3BA3926A872FE000C6E19 /* Build configuration list for PBXNativeTarget "PersonaFinalProjectTests" */ = {
			isa = XCConfigurationList;
			buildConfigurations = (
				A8D3BA3A26A872FE000C6E19 /* Debug */,
				A8D3BA3B26A872FE000C6E19 /* Release */,
			);
			defaultConfigurationIsVisible = 0;
			defaultConfigurationName = Release;
		};
		A8D3BA3C26A872FE000C6E19 /* Build configuration list for PBXNativeTarget "PersonaFinalProjectUITests" */ = {
			isa = XCConfigurationList;
			buildConfigurations = (
				A8D3BA3D26A872FE000C6E19 /* Debug */,
				A8D3BA3E26A872FE000C6E19 /* Release */,
			);
			defaultConfigurationIsVisible = 0;
			defaultConfigurationName = Release;
		};
/* End XCConfigurationList section */

/* Begin XCVersionGroup section */
		A8D3BA1526A872FD000C6E19 /* PersonaFinalProject.xcdatamodeld */ = {
			isa = XCVersionGroup;
			children = (
				A8D3BA1626A872FD000C6E19 /* PersonaFinalProject.xcdatamodel */,
			);
			currentVersion = A8D3BA1626A872FD000C6E19 /* PersonaFinalProject.xcdatamodel */;
			path = PersonaFinalProject.xcdatamodeld;
			sourceTree = "<group>";
			versionGroupType = wrapper.xcdatamodel;
		};
/* End XCVersionGroup section */
	};
	rootObject = A8D3BA0126A872FD000C6E19 /* Project object */;
}
